// !$*UTF8*$!
{
	archiveVersion = 1;
	classes = {
	};
	objectVersion = 51;
	objects = {

/* Begin PBXBuildFile section */
		68F26762687624A2FC027EC1 /* Pods_Dework.framework in Frameworks */ = {isa = PBXBuildFile; fileRef = 3BFC2B471A785E724B08A580 /* Pods_Dework.framework */; };
		793C052223287127005CB294 /* AppDelegate.swift in Sources */ = {isa = PBXBuildFile; fileRef = 793C052123287127005CB294 /* AppDelegate.swift */; };
		793C052923287129005CB294 /* Assets.xcassets in Resources */ = {isa = PBXBuildFile; fileRef = 793C052823287129005CB294 /* Assets.xcassets */; };
		793C052C23287129005CB294 /* LaunchScreen.storyboard in Resources */ = {isa = PBXBuildFile; fileRef = 793C052A23287129005CB294 /* LaunchScreen.storyboard */; };
		793C053723287129005CB294 /* DeworkTests.swift in Sources */ = {isa = PBXBuildFile; fileRef = 793C053623287129005CB294 /* DeworkTests.swift */; };
		793C054F2328724B005CB294 /* MainCoordinator.swift in Sources */ = {isa = PBXBuildFile; fileRef = 793C054E2328724B005CB294 /* MainCoordinator.swift */; };
		793C05512328731A005CB294 /* Service.swift in Sources */ = {isa = PBXBuildFile; fileRef = 793C05502328731A005CB294 /* Service.swift */; };
		79408224232D9A220060D8FB /* InsideJobController.swift in Sources */ = {isa = PBXBuildFile; fileRef = 79408223232D9A220060D8FB /* InsideJobController.swift */; };
		79408226232D9B910060D8FB /* InsideJobView.swift in Sources */ = {isa = PBXBuildFile; fileRef = 79408225232D9B910060D8FB /* InsideJobView.swift */; };
		79408229232D9D560060D8FB /* InsideJobViewModel.swift in Sources */ = {isa = PBXBuildFile; fileRef = 79408228232D9D560060D8FB /* InsideJobViewModel.swift */; };
		79F489F7232D2FA000C3D2C6 /* ListWorksController.swift in Sources */ = {isa = PBXBuildFile; fileRef = 79F489F6232D2FA000C3D2C6 /* ListWorksController.swift */; };
		79F489FA232D30A000C3D2C6 /* ColorApp+Extension.swift in Sources */ = {isa = PBXBuildFile; fileRef = 79F489F9232D30A000C3D2C6 /* ColorApp+Extension.swift */; };
		79F489FE232D316B00C3D2C6 /* Configurable.swift in Sources */ = {isa = PBXBuildFile; fileRef = 79F489FD232D316B00C3D2C6 /* Configurable.swift */; };
		79F48A03232D332A00C3D2C6 /* ListWorkView.swift in Sources */ = {isa = PBXBuildFile; fileRef = 79F48A02232D332A00C3D2C6 /* ListWorkView.swift */; };
		79F48A05232D486E00C3D2C6 /* ListWorkCell.swift in Sources */ = {isa = PBXBuildFile; fileRef = 79F48A04232D486E00C3D2C6 /* ListWorkCell.swift */; };
		79F48A08232D4AF400C3D2C6 /* RoundableImage.swift in Sources */ = {isa = PBXBuildFile; fileRef = 79F48A07232D4AF400C3D2C6 /* RoundableImage.swift */; };
		79F48A0A232D4DD500C3D2C6 /* CBuilder.swift in Sources */ = {isa = PBXBuildFile; fileRef = 79F48A09232D4DD500C3D2C6 /* CBuilder.swift */; };
		79F48A0C232D4E0200C3D2C6 /* LayoutAnchor+Operations.swift in Sources */ = {isa = PBXBuildFile; fileRef = 79F48A0B232D4E0200C3D2C6 /* LayoutAnchor+Operations.swift */; };
		79F48A0E232D4E1E00C3D2C6 /* LayoutAnchor.swift in Sources */ = {isa = PBXBuildFile; fileRef = 79F48A0D232D4E1E00C3D2C6 /* LayoutAnchor.swift */; };
		79F48A10232D4E4400C3D2C6 /* LayoutProperty.swift in Sources */ = {isa = PBXBuildFile; fileRef = 79F48A0F232D4E4400C3D2C6 /* LayoutProperty.swift */; };
		79F48A12232D4E5800C3D2C6 /* LayoutProxy.swift in Sources */ = {isa = PBXBuildFile; fileRef = 79F48A11232D4E5800C3D2C6 /* LayoutProxy.swift */; };
		79F48A15232D732300C3D2C6 /* JobsRepository.swift in Sources */ = {isa = PBXBuildFile; fileRef = 79F48A14232D732300C3D2C6 /* JobsRepository.swift */; };
		79F48A17232D848D00C3D2C6 /* ListWorksViewModel.swift in Sources */ = {isa = PBXBuildFile; fileRef = 79F48A16232D848D00C3D2C6 /* ListWorksViewModel.swift */; };
		79F48A19232D898A00C3D2C6 /* Job.swift in Sources */ = {isa = PBXBuildFile; fileRef = 79F48A18232D898A00C3D2C6 /* Job.swift */; };
		79F48A1C232D8A4A00C3D2C6 /* Routes.swift in Sources */ = {isa = PBXBuildFile; fileRef = 79F48A1B232D8A4A00C3D2C6 /* Routes.swift */; };
		79F48A1E232D90DA00C3D2C6 /* ListWorksCellViewModel.swift in Sources */ = {isa = PBXBuildFile; fileRef = 79F48A1D232D90DA00C3D2C6 /* ListWorksCellViewModel.swift */; };
		A35605FE35CA65469404FE05 /* Pods_DeworkTests.framework in Frameworks */ = {isa = PBXBuildFile; fileRef = 1059F0ACC76444D11B395FB4 /* Pods_DeworkTests.framework */; };
/* End PBXBuildFile section */

/* Begin PBXContainerItemProxy section */
		793C053323287129005CB294 /* PBXContainerItemProxy */ = {
			isa = PBXContainerItemProxy;
			containerPortal = 793C051623287127005CB294 /* Project object */;
			proxyType = 1;
			remoteGlobalIDString = 793C051D23287127005CB294;
			remoteInfo = Dework;
		};
/* End PBXContainerItemProxy section */

/* Begin PBXFileReference section */
		1059F0ACC76444D11B395FB4 /* Pods_DeworkTests.framework */ = {isa = PBXFileReference; explicitFileType = wrapper.framework; includeInIndex = 0; path = Pods_DeworkTests.framework; sourceTree = BUILT_PRODUCTS_DIR; };
		24F40669BAE0B57C627CAE83 /* Pods-DeworkTests.debug.xcconfig */ = {isa = PBXFileReference; includeInIndex = 1; lastKnownFileType = text.xcconfig; name = "Pods-DeworkTests.debug.xcconfig"; path = "Target Support Files/Pods-DeworkTests/Pods-DeworkTests.debug.xcconfig"; sourceTree = "<group>"; };
		38512BBAB77FCDF71B3A622D /* Pods-Dework.debug.xcconfig */ = {isa = PBXFileReference; includeInIndex = 1; lastKnownFileType = text.xcconfig; name = "Pods-Dework.debug.xcconfig"; path = "Target Support Files/Pods-Dework/Pods-Dework.debug.xcconfig"; sourceTree = "<group>"; };
		3BFC2B471A785E724B08A580 /* Pods_Dework.framework */ = {isa = PBXFileReference; explicitFileType = wrapper.framework; includeInIndex = 0; path = Pods_Dework.framework; sourceTree = BUILT_PRODUCTS_DIR; };
		793C051E23287127005CB294 /* Dework.app */ = {isa = PBXFileReference; explicitFileType = wrapper.application; includeInIndex = 0; path = Dework.app; sourceTree = BUILT_PRODUCTS_DIR; };
		793C052123287127005CB294 /* AppDelegate.swift */ = {isa = PBXFileReference; lastKnownFileType = sourcecode.swift; path = AppDelegate.swift; sourceTree = "<group>"; };
		793C052823287129005CB294 /* Assets.xcassets */ = {isa = PBXFileReference; lastKnownFileType = folder.assetcatalog; path = Assets.xcassets; sourceTree = "<group>"; };
		793C052B23287129005CB294 /* Base */ = {isa = PBXFileReference; lastKnownFileType = file.storyboard; name = Base; path = Base.lproj/LaunchScreen.storyboard; sourceTree = "<group>"; };
		793C052D23287129005CB294 /* Info.plist */ = {isa = PBXFileReference; lastKnownFileType = text.plist.xml; path = Info.plist; sourceTree = "<group>"; };
		793C053223287129005CB294 /* DeworkTests.xctest */ = {isa = PBXFileReference; explicitFileType = wrapper.cfbundle; includeInIndex = 0; path = DeworkTests.xctest; sourceTree = BUILT_PRODUCTS_DIR; };
		793C053623287129005CB294 /* DeworkTests.swift */ = {isa = PBXFileReference; lastKnownFileType = sourcecode.swift; path = DeworkTests.swift; sourceTree = "<group>"; };
		793C053823287129005CB294 /* Info.plist */ = {isa = PBXFileReference; lastKnownFileType = text.plist.xml; path = Info.plist; sourceTree = "<group>"; };
		793C054E2328724B005CB294 /* MainCoordinator.swift */ = {isa = PBXFileReference; lastKnownFileType = sourcecode.swift; path = MainCoordinator.swift; sourceTree = "<group>"; };
		793C05502328731A005CB294 /* Service.swift */ = {isa = PBXFileReference; lastKnownFileType = sourcecode.swift; path = Service.swift; sourceTree = "<group>"; };
		79408223232D9A220060D8FB /* InsideJobController.swift */ = {isa = PBXFileReference; lastKnownFileType = sourcecode.swift; path = InsideJobController.swift; sourceTree = "<group>"; };
		79408225232D9B910060D8FB /* InsideJobView.swift */ = {isa = PBXFileReference; lastKnownFileType = sourcecode.swift; path = InsideJobView.swift; sourceTree = "<group>"; };
		79408228232D9D560060D8FB /* InsideJobViewModel.swift */ = {isa = PBXFileReference; lastKnownFileType = sourcecode.swift; path = InsideJobViewModel.swift; sourceTree = "<group>"; };
		79F489F6232D2FA000C3D2C6 /* ListWorksController.swift */ = {isa = PBXFileReference; lastKnownFileType = sourcecode.swift; path = ListWorksController.swift; sourceTree = "<group>"; };
		79F489F9232D30A000C3D2C6 /* ColorApp+Extension.swift */ = {isa = PBXFileReference; lastKnownFileType = sourcecode.swift; path = "ColorApp+Extension.swift"; sourceTree = "<group>"; };
		79F489FD232D316B00C3D2C6 /* Configurable.swift */ = {isa = PBXFileReference; lastKnownFileType = sourcecode.swift; path = Configurable.swift; sourceTree = "<group>"; };
		79F48A02232D332A00C3D2C6 /* ListWorkView.swift */ = {isa = PBXFileReference; lastKnownFileType = sourcecode.swift; path = ListWorkView.swift; sourceTree = "<group>"; };
		79F48A04232D486E00C3D2C6 /* ListWorkCell.swift */ = {isa = PBXFileReference; lastKnownFileType = sourcecode.swift; path = ListWorkCell.swift; sourceTree = "<group>"; };
		79F48A07232D4AF400C3D2C6 /* RoundableImage.swift */ = {isa = PBXFileReference; lastKnownFileType = sourcecode.swift; path = RoundableImage.swift; sourceTree = "<group>"; };
		79F48A09232D4DD500C3D2C6 /* CBuilder.swift */ = {isa = PBXFileReference; lastKnownFileType = sourcecode.swift; name = CBuilder.swift; path = Dework/ReusableLayer/View/CBuilder.swift; sourceTree = SOURCE_ROOT; };
		79F48A0B232D4E0200C3D2C6 /* LayoutAnchor+Operations.swift */ = {isa = PBXFileReference; lastKnownFileType = sourcecode.swift; name = "LayoutAnchor+Operations.swift"; path = "Dework/ReusableLayer/View/LayoutAnchor+Operations.swift"; sourceTree = SOURCE_ROOT; };
		79F48A0D232D4E1E00C3D2C6 /* LayoutAnchor.swift */ = {isa = PBXFileReference; lastKnownFileType = sourcecode.swift; name = LayoutAnchor.swift; path = Dework/ReusableLayer/View/LayoutAnchor.swift; sourceTree = SOURCE_ROOT; };
		79F48A0F232D4E4400C3D2C6 /* LayoutProperty.swift */ = {isa = PBXFileReference; lastKnownFileType = sourcecode.swift; name = LayoutProperty.swift; path = Dework/ReusableLayer/View/LayoutProperty.swift; sourceTree = SOURCE_ROOT; };
		79F48A11232D4E5800C3D2C6 /* LayoutProxy.swift */ = {isa = PBXFileReference; lastKnownFileType = sourcecode.swift; name = LayoutProxy.swift; path = Dework/ReusableLayer/View/LayoutProxy.swift; sourceTree = SOURCE_ROOT; };
		79F48A14232D732300C3D2C6 /* JobsRepository.swift */ = {isa = PBXFileReference; lastKnownFileType = sourcecode.swift; path = JobsRepository.swift; sourceTree = "<group>"; };
		79F48A16232D848D00C3D2C6 /* ListWorksViewModel.swift */ = {isa = PBXFileReference; lastKnownFileType = sourcecode.swift; path = ListWorksViewModel.swift; sourceTree = "<group>"; };
		79F48A18232D898A00C3D2C6 /* Job.swift */ = {isa = PBXFileReference; lastKnownFileType = sourcecode.swift; name = Job.swift; path = Dework/App/Feature/ListWorks/ViewModel/Job.swift; sourceTree = SOURCE_ROOT; };
		79F48A1B232D8A4A00C3D2C6 /* Routes.swift */ = {isa = PBXFileReference; lastKnownFileType = sourcecode.swift; path = Routes.swift; sourceTree = "<group>"; };
		79F48A1D232D90DA00C3D2C6 /* ListWorksCellViewModel.swift */ = {isa = PBXFileReference; lastKnownFileType = sourcecode.swift; path = ListWorksCellViewModel.swift; sourceTree = "<group>"; };
		B10A6042EC7B0A45218631B9 /* Pods-Dework.release.xcconfig */ = {isa = PBXFileReference; includeInIndex = 1; lastKnownFileType = text.xcconfig; name = "Pods-Dework.release.xcconfig"; path = "Target Support Files/Pods-Dework/Pods-Dework.release.xcconfig"; sourceTree = "<group>"; };
		F3549AF43CCBA6CB372E41AD /* Pods-DeworkTests.release.xcconfig */ = {isa = PBXFileReference; includeInIndex = 1; lastKnownFileType = text.xcconfig; name = "Pods-DeworkTests.release.xcconfig"; path = "Target Support Files/Pods-DeworkTests/Pods-DeworkTests.release.xcconfig"; sourceTree = "<group>"; };
/* End PBXFileReference section */

/* Begin PBXFrameworksBuildPhase section */
		793C051B23287127005CB294 /* Frameworks */ = {
			isa = PBXFrameworksBuildPhase;
			buildActionMask = 2147483647;
			files = (
				68F26762687624A2FC027EC1 /* Pods_Dework.framework in Frameworks */,
			);
			runOnlyForDeploymentPostprocessing = 0;
		};
		793C052F23287129005CB294 /* Frameworks */ = {
			isa = PBXFrameworksBuildPhase;
			buildActionMask = 2147483647;
			files = (
				A35605FE35CA65469404FE05 /* Pods_DeworkTests.framework in Frameworks */,
			);
			runOnlyForDeploymentPostprocessing = 0;
		};
/* End PBXFrameworksBuildPhase section */

/* Begin PBXGroup section */
		361289C0B4838EF2C6490493 /* Frameworks */ = {
			isa = PBXGroup;
			children = (
				3BFC2B471A785E724B08A580 /* Pods_Dework.framework */,
				1059F0ACC76444D11B395FB4 /* Pods_DeworkTests.framework */,
			);
			name = Frameworks;
			sourceTree = "<group>";
		};
		36BBA00B6761CAC59DEE46C0 /* Pods */ = {
			isa = PBXGroup;
			children = (
				38512BBAB77FCDF71B3A622D /* Pods-Dework.debug.xcconfig */,
				B10A6042EC7B0A45218631B9 /* Pods-Dework.release.xcconfig */,
				24F40669BAE0B57C627CAE83 /* Pods-DeworkTests.debug.xcconfig */,
				F3549AF43CCBA6CB372E41AD /* Pods-DeworkTests.release.xcconfig */,
			);
			path = Pods;
			sourceTree = "<group>";
		};
		793C051523287127005CB294 = {
			isa = PBXGroup;
			children = (
				793C052023287127005CB294 /* Dework */,
				793C053523287129005CB294 /* DeworkTests */,
				793C051F23287127005CB294 /* Products */,
				36BBA00B6761CAC59DEE46C0 /* Pods */,
				361289C0B4838EF2C6490493 /* Frameworks */,
			);
			sourceTree = "<group>";
		};
		793C051F23287127005CB294 /* Products */ = {
			isa = PBXGroup;
			children = (
				793C051E23287127005CB294 /* Dework.app */,
				793C053223287129005CB294 /* DeworkTests.xctest */,
			);
			name = Products;
			sourceTree = "<group>";
		};
		793C052023287127005CB294 /* Dework */ = {
			isa = PBXGroup;
			children = (
				793C0541232871AF005CB294 /* App */,
				793C0546232871E0005CB294 /* Entities */,
				793C0545232871D4005CB294 /* Plugins */,
				793C0544232871CE005CB294 /* ReusableLayer */,
				793C052823287129005CB294 /* Assets.xcassets */,
				793C052A23287129005CB294 /* LaunchScreen.storyboard */,
				793C052D23287129005CB294 /* Info.plist */,
			);
			path = Dework;
			sourceTree = "<group>";
		};
		793C053523287129005CB294 /* DeworkTests */ = {
			isa = PBXGroup;
			children = (
				793C053623287129005CB294 /* DeworkTests.swift */,
				793C053823287129005CB294 /* Info.plist */,
			);
			path = DeworkTests;
			sourceTree = "<group>";
		};
		793C0541232871AF005CB294 /* App */ = {
			isa = PBXGroup;
			children = (
				793C0543232871BF005CB294 /* Coordinator */,
				793C0542232871BA005CB294 /* Feature */,
			);
			path = App;
			sourceTree = "<group>";
		};
		793C0542232871BA005CB294 /* Feature */ = {
			isa = PBXGroup;
			children = (
				79408220232D9A050060D8FB /* InsideJob */,
				79F489F5232D2F5B00C3D2C6 /* ListWorks */,
			);
			path = Feature;
			sourceTree = "<group>";
		};
		793C0543232871BF005CB294 /* Coordinator */ = {
			isa = PBXGroup;
			children = (
				793C052123287127005CB294 /* AppDelegate.swift */,
				793C054E2328724B005CB294 /* MainCoordinator.swift */,
			);
			path = Coordinator;
			sourceTree = "<group>";
		};
		793C0544232871CE005CB294 /* ReusableLayer */ = {
			isa = PBXGroup;
			children = (
				7940822A232DAC3B0060D8FB /* ViewModel */,
				79F48A06232D4AB400C3D2C6 /* View */,
				79F489FB232D315800C3D2C6 /* Protocol */,
				79F489F8232D308000C3D2C6 /* Extension */,
			);
			path = ReusableLayer;
			sourceTree = "<group>";
		};
		793C0545232871D4005CB294 /* Plugins */ = {
			isa = PBXGroup;
			children = (
				793C054D23287229005CB294 /* Providey */,
				793C054823287206005CB294 /* CBuilder */,
			);
			path = Plugins;
			sourceTree = "<group>";
		};
		793C0546232871E0005CB294 /* Entities */ = {
			isa = PBXGroup;
			children = (
				79F48A18232D898A00C3D2C6 /* Job.swift */,
			);
			path = Entities;
			sourceTree = "<group>";
		};
		793C054823287206005CB294 /* CBuilder */ = {
			isa = PBXGroup;
			children = (
				79F48A09232D4DD500C3D2C6 /* CBuilder.swift */,
				79F48A0B232D4E0200C3D2C6 /* LayoutAnchor+Operations.swift */,
				79F48A0D232D4E1E00C3D2C6 /* LayoutAnchor.swift */,
				79F48A0F232D4E4400C3D2C6 /* LayoutProperty.swift */,
				79F48A11232D4E5800C3D2C6 /* LayoutProxy.swift */,
			);
			path = CBuilder;
			sourceTree = "<group>";
		};
		793C054D23287229005CB294 /* Providey */ = {
			isa = PBXGroup;
			children = (
				793C05502328731A005CB294 /* Service.swift */,
			);
			path = Providey;
			sourceTree = "<group>";
		};
		79408220232D9A050060D8FB /* InsideJob */ = {
			isa = PBXGroup;
			children = (
				79408227232D9D440060D8FB /* ViewModel */,
				79408222232D9A150060D8FB /* Controller */,
				79408221232D9A100060D8FB /* View */,
			);
			path = InsideJob;
			sourceTree = "<group>";
		};
		79408221232D9A100060D8FB /* View */ = {
			isa = PBXGroup;
			children = (
				79408225232D9B910060D8FB /* InsideJobView.swift */,
			);
			path = View;
			sourceTree = "<group>";
		};
		79408222232D9A150060D8FB /* Controller */ = {
			isa = PBXGroup;
			children = (
				79408223232D9A220060D8FB /* InsideJobController.swift */,
			);
			path = Controller;
			sourceTree = "<group>";
		};
		79408227232D9D440060D8FB /* ViewModel */ = {
			isa = PBXGroup;
			children = (
				79408228232D9D560060D8FB /* InsideJobViewModel.swift */,
			);
			path = ViewModel;
			sourceTree = "<group>";
		};
		7940822A232DAC3B0060D8FB /* ViewModel */ = {
			isa = PBXGroup;
			children = (
			);
			path = ViewModel;
			sourceTree = "<group>";
		};
		79F489F5232D2F5B00C3D2C6 /* ListWorks */ = {
			isa = PBXGroup;
			children = (
				79F48A13232D720800C3D2C6 /* Bussiness */,
				79F48A01232D330E00C3D2C6 /* ViewModel */,
				79F48A00232D330A00C3D2C6 /* View */,
				79F489FF232D330500C3D2C6 /* Controller */,
			);
			path = ListWorks;
			sourceTree = "<group>";
		};
		79F489F8232D308000C3D2C6 /* Extension */ = {
			isa = PBXGroup;
			children = (
				79F489F9232D30A000C3D2C6 /* ColorApp+Extension.swift */,
			);
			path = Extension;
			sourceTree = "<group>";
		};
		79F489FB232D315800C3D2C6 /* Protocol */ = {
			isa = PBXGroup;
			children = (
				79F489FC232D316100C3D2C6 /* Configurables */,
			);
			path = Protocol;
			sourceTree = "<group>";
		};
		79F489FC232D316100C3D2C6 /* Configurables */ = {
			isa = PBXGroup;
			children = (
				79F489FD232D316B00C3D2C6 /* Configurable.swift */,
			);
			path = Configurables;
			sourceTree = "<group>";
		};
		79F489FF232D330500C3D2C6 /* Controller */ = {
			isa = PBXGroup;
			children = (
				79F489F6232D2FA000C3D2C6 /* ListWorksController.swift */,
			);
			path = Controller;
			sourceTree = "<group>";
		};
		79F48A00232D330A00C3D2C6 /* View */ = {
			isa = PBXGroup;
			children = (
				79F48A02232D332A00C3D2C6 /* ListWorkView.swift */,
				79F48A04232D486E00C3D2C6 /* ListWorkCell.swift */,
			);
			path = View;
			sourceTree = "<group>";
		};
		79F48A01232D330E00C3D2C6 /* ViewModel */ = {
			isa = PBXGroup;
			children = (
				79F48A16232D848D00C3D2C6 /* ListWorksViewModel.swift */,
				79F48A1D232D90DA00C3D2C6 /* ListWorksCellViewModel.swift */,
			);
			path = ViewModel;
			sourceTree = "<group>";
		};
		79F48A06232D4AB400C3D2C6 /* View */ = {
			isa = PBXGroup;
			children = (
				79F48A07232D4AF400C3D2C6 /* RoundableImage.swift */,
			);
			path = View;
			sourceTree = "<group>";
		};
		79F48A13232D720800C3D2C6 /* Bussiness */ = {
			isa = PBXGroup;
			children = (
				79F48A14232D732300C3D2C6 /* JobsRepository.swift */,
				79F48A1B232D8A4A00C3D2C6 /* Routes.swift */,
			);
			path = Bussiness;
			sourceTree = "<group>";
		};
/* End PBXGroup section */

/* Begin PBXNativeTarget section */
		793C051D23287127005CB294 /* Dework */ = {
			isa = PBXNativeTarget;
			buildConfigurationList = 793C053B23287129005CB294 /* Build configuration list for PBXNativeTarget "Dework" */;
			buildPhases = (
				171F929E13B51033BBC8D7C0 /* [CP] Check Pods Manifest.lock */,
				793C051A23287127005CB294 /* Sources */,
				793C051B23287127005CB294 /* Frameworks */,
				793C051C23287127005CB294 /* Resources */,
				C89C3A84A44DC1D2E0FDCA14 /* [CP] Embed Pods Frameworks */,
			);
			buildRules = (
			);
			dependencies = (
			);
			name = Dework;
			productName = Dework;
			productReference = 793C051E23287127005CB294 /* Dework.app */;
			productType = "com.apple.product-type.application";
		};
		793C053123287129005CB294 /* DeworkTests */ = {
			isa = PBXNativeTarget;
			buildConfigurationList = 793C053E23287129005CB294 /* Build configuration list for PBXNativeTarget "DeworkTests" */;
			buildPhases = (
				CCB1F5374AAC6E18BEACF795 /* [CP] Check Pods Manifest.lock */,
				793C052E23287129005CB294 /* Sources */,
				793C052F23287129005CB294 /* Frameworks */,
				793C053023287129005CB294 /* Resources */,
				8A35D8143828A2148912F12F /* [CP] Embed Pods Frameworks */,
			);
			buildRules = (
			);
			dependencies = (
				793C053423287129005CB294 /* PBXTargetDependency */,
			);
			name = DeworkTests;
			productName = DeworkTests;
			productReference = 793C053223287129005CB294 /* DeworkTests.xctest */;
			productType = "com.apple.product-type.bundle.unit-test";
		};
/* End PBXNativeTarget section */

/* Begin PBXProject section */
		793C051623287127005CB294 /* Project object */ = {
			isa = PBXProject;
			attributes = {
				LastSwiftUpdateCheck = 1030;
				LastUpgradeCheck = 1030;
				ORGANIZATIONNAME = "Vinicius Mangueira";
				TargetAttributes = {
					793C051D23287127005CB294 = {
						CreatedOnToolsVersion = 10.3;
					};
					793C053123287129005CB294 = {
						CreatedOnToolsVersion = 10.3;
						TestTargetID = 793C051D23287127005CB294;
					};
				};
			};
			buildConfigurationList = 793C051923287127005CB294 /* Build configuration list for PBXProject "Dework" */;
			compatibilityVersion = "Xcode 9.3";
			developmentRegion = en;
			hasScannedForEncodings = 0;
			knownRegions = (
				en,
				Base,
			);
			mainGroup = 793C051523287127005CB294;
			productRefGroup = 793C051F23287127005CB294 /* Products */;
			projectDirPath = "";
			projectRoot = "";
			targets = (
				793C051D23287127005CB294 /* Dework */,
				793C053123287129005CB294 /* DeworkTests */,
			);
		};
/* End PBXProject section */

/* Begin PBXResourcesBuildPhase section */
		793C051C23287127005CB294 /* Resources */ = {
			isa = PBXResourcesBuildPhase;
			buildActionMask = 2147483647;
			files = (
				793C052C23287129005CB294 /* LaunchScreen.storyboard in Resources */,
				793C052923287129005CB294 /* Assets.xcassets in Resources */,
			);
			runOnlyForDeploymentPostprocessing = 0;
		};
		793C053023287129005CB294 /* Resources */ = {
			isa = PBXResourcesBuildPhase;
			buildActionMask = 2147483647;
			files = (
			);
			runOnlyForDeploymentPostprocessing = 0;
		};
/* End PBXResourcesBuildPhase section */

/* Begin PBXShellScriptBuildPhase section */
		171F929E13B51033BBC8D7C0 /* [CP] Check Pods Manifest.lock */ = {
			isa = PBXShellScriptBuildPhase;
			buildActionMask = 2147483647;
			files = (
			);
			inputFileListPaths = (
			);
			inputPaths = (
				"${PODS_PODFILE_DIR_PATH}/Podfile.lock",
				"${PODS_ROOT}/Manifest.lock",
			);
			name = "[CP] Check Pods Manifest.lock";
			outputFileListPaths = (
			);
			outputPaths = (
				"$(DERIVED_FILE_DIR)/Pods-Dework-checkManifestLockResult.txt",
			);
			runOnlyForDeploymentPostprocessing = 0;
			shellPath = /bin/sh;
			shellScript = "diff \"${PODS_PODFILE_DIR_PATH}/Podfile.lock\" \"${PODS_ROOT}/Manifest.lock\" > /dev/null\nif [ $? != 0 ] ; then\n    # print error to STDERR\n    echo \"error: The sandbox is not in sync with the Podfile.lock. Run 'pod install' or update your CocoaPods installation.\" >&2\n    exit 1\nfi\n# This output is used by Xcode 'outputs' to avoid re-running this script phase.\necho \"SUCCESS\" > \"${SCRIPT_OUTPUT_FILE_0}\"\n";
			showEnvVarsInLog = 0;
		};
		8A35D8143828A2148912F12F /* [CP] Embed Pods Frameworks */ = {
			isa = PBXShellScriptBuildPhase;
			buildActionMask = 2147483647;
			files = (
			);
			inputFileListPaths = (
				"${PODS_ROOT}/Target Support Files/Pods-DeworkTests/Pods-DeworkTests-frameworks-${CONFIGURATION}-input-files.xcfilelist",
			);
			name = "[CP] Embed Pods Frameworks";
			outputFileListPaths = (
				"${PODS_ROOT}/Target Support Files/Pods-DeworkTests/Pods-DeworkTests-frameworks-${CONFIGURATION}-output-files.xcfilelist",
			);
			runOnlyForDeploymentPostprocessing = 0;
			shellPath = /bin/sh;
			shellScript = "\"${PODS_ROOT}/Target Support Files/Pods-DeworkTests/Pods-DeworkTests-frameworks.sh\"\n";
			showEnvVarsInLog = 0;
		};
		C89C3A84A44DC1D2E0FDCA14 /* [CP] Embed Pods Frameworks */ = {
			isa = PBXShellScriptBuildPhase;
			buildActionMask = 2147483647;
			files = (
			);
			inputFileListPaths = (
				"${PODS_ROOT}/Target Support Files/Pods-Dework/Pods-Dework-frameworks-${CONFIGURATION}-input-files.xcfilelist",
			);
			name = "[CP] Embed Pods Frameworks";
			outputFileListPaths = (
				"${PODS_ROOT}/Target Support Files/Pods-Dework/Pods-Dework-frameworks-${CONFIGURATION}-output-files.xcfilelist",
			);
			runOnlyForDeploymentPostprocessing = 0;
			shellPath = /bin/sh;
			shellScript = "\"${PODS_ROOT}/Target Support Files/Pods-Dework/Pods-Dework-frameworks.sh\"\n";
			showEnvVarsInLog = 0;
		};
		CCB1F5374AAC6E18BEACF795 /* [CP] Check Pods Manifest.lock */ = {
			isa = PBXShellScriptBuildPhase;
			buildActionMask = 2147483647;
			files = (
			);
			inputFileListPaths = (
			);
			inputPaths = (
				"${PODS_PODFILE_DIR_PATH}/Podfile.lock",
				"${PODS_ROOT}/Manifest.lock",
			);
			name = "[CP] Check Pods Manifest.lock";
			outputFileListPaths = (
			);
			outputPaths = (
				"$(DERIVED_FILE_DIR)/Pods-DeworkTests-checkManifestLockResult.txt",
			);
			runOnlyForDeploymentPostprocessing = 0;
			shellPath = /bin/sh;
			shellScript = "diff \"${PODS_PODFILE_DIR_PATH}/Podfile.lock\" \"${PODS_ROOT}/Manifest.lock\" > /dev/null\nif [ $? != 0 ] ; then\n    # print error to STDERR\n    echo \"error: The sandbox is not in sync with the Podfile.lock. Run 'pod install' or update your CocoaPods installation.\" >&2\n    exit 1\nfi\n# This output is used by Xcode 'outputs' to avoid re-running this script phase.\necho \"SUCCESS\" > \"${SCRIPT_OUTPUT_FILE_0}\"\n";
			showEnvVarsInLog = 0;
		};
/* End PBXShellScriptBuildPhase section */

/* Begin PBXSourcesBuildPhase section */
		793C051A23287127005CB294 /* Sources */ = {
			isa = PBXSourcesBuildPhase;
			buildActionMask = 2147483647;
			files = (
				793C054F2328724B005CB294 /* MainCoordinator.swift in Sources */,
				79F48A17232D848D00C3D2C6 /* ListWorksViewModel.swift in Sources */,
				79F48A10232D4E4400C3D2C6 /* LayoutProperty.swift in Sources */,
				79F489FA232D30A000C3D2C6 /* ColorApp+Extension.swift in Sources */,
				79F48A08232D4AF400C3D2C6 /* RoundableImage.swift in Sources */,
				79F48A0A232D4DD500C3D2C6 /* CBuilder.swift in Sources */,
				79408226232D9B910060D8FB /* InsideJobView.swift in Sources */,
				79F48A1E232D90DA00C3D2C6 /* ListWorksCellViewModel.swift in Sources */,
				79F48A15232D732300C3D2C6 /* JobsRepository.swift in Sources */,
				79F489F7232D2FA000C3D2C6 /* ListWorksController.swift in Sources */,
				793C052223287127005CB294 /* AppDelegate.swift in Sources */,
				79F48A03232D332A00C3D2C6 /* ListWorkView.swift in Sources */,
				79F48A12232D4E5800C3D2C6 /* LayoutProxy.swift in Sources */,
				79F48A05232D486E00C3D2C6 /* ListWorkCell.swift in Sources */,
				79F489FE232D316B00C3D2C6 /* Configurable.swift in Sources */,
				79F48A1C232D8A4A00C3D2C6 /* Routes.swift in Sources */,
				79408224232D9A220060D8FB /* InsideJobController.swift in Sources */,
				793C05512328731A005CB294 /* Service.swift in Sources */,
				79F48A19232D898A00C3D2C6 /* Job.swift in Sources */,
				79F48A0E232D4E1E00C3D2C6 /* LayoutAnchor.swift in Sources */,
				79408229232D9D560060D8FB /* InsideJobViewModel.swift in Sources */,
				79F48A0C232D4E0200C3D2C6 /* LayoutAnchor+Operations.swift in Sources */,
			);
			runOnlyForDeploymentPostprocessing = 0;
		};
		793C052E23287129005CB294 /* Sources */ = {
			isa = PBXSourcesBuildPhase;
			buildActionMask = 2147483647;
			files = (
				793C053723287129005CB294 /* DeworkTests.swift in Sources */,
			);
			runOnlyForDeploymentPostprocessing = 0;
		};
/* End PBXSourcesBuildPhase section */

/* Begin PBXTargetDependency section */
		793C053423287129005CB294 /* PBXTargetDependency */ = {
			isa = PBXTargetDependency;
			target = 793C051D23287127005CB294 /* Dework */;
			targetProxy = 793C053323287129005CB294 /* PBXContainerItemProxy */;
		};
/* End PBXTargetDependency section */

/* Begin PBXVariantGroup section */
		793C052A23287129005CB294 /* LaunchScreen.storyboard */ = {
			isa = PBXVariantGroup;
			children = (
				793C052B23287129005CB294 /* Base */,
			);
			name = LaunchScreen.storyboard;
			sourceTree = "<group>";
		};
/* End PBXVariantGroup section */

/* Begin XCBuildConfiguration section */
		793C053923287129005CB294 /* Debug */ = {
			isa = XCBuildConfiguration;
			buildSettings = {
				ALWAYS_SEARCH_USER_PATHS = NO;
				CLANG_ANALYZER_NONNULL = YES;
				CLANG_ANALYZER_NUMBER_OBJECT_CONVERSION = YES_AGGRESSIVE;
				CLANG_CXX_LANGUAGE_STANDARD = "gnu++14";
				CLANG_CXX_LIBRARY = "libc++";
				CLANG_ENABLE_MODULES = YES;
				CLANG_ENABLE_OBJC_ARC = YES;
				CLANG_ENABLE_OBJC_WEAK = YES;
				CLANG_WARN_BLOCK_CAPTURE_AUTORELEASING = YES;
				CLANG_WARN_BOOL_CONVERSION = YES;
				CLANG_WARN_COMMA = YES;
				CLANG_WARN_CONSTANT_CONVERSION = YES;
				CLANG_WARN_DEPRECATED_OBJC_IMPLEMENTATIONS = YES;
				CLANG_WARN_DIRECT_OBJC_ISA_USAGE = YES_ERROR;
				CLANG_WARN_DOCUMENTATION_COMMENTS = YES;
				CLANG_WARN_EMPTY_BODY = YES;
				CLANG_WARN_ENUM_CONVERSION = YES;
				CLANG_WARN_INFINITE_RECURSION = YES;
				CLANG_WARN_INT_CONVERSION = YES;
				CLANG_WARN_NON_LITERAL_NULL_CONVERSION = YES;
				CLANG_WARN_OBJC_IMPLICIT_RETAIN_SELF = YES;
				CLANG_WARN_OBJC_LITERAL_CONVERSION = YES;
				CLANG_WARN_OBJC_ROOT_CLASS = YES_ERROR;
				CLANG_WARN_RANGE_LOOP_ANALYSIS = YES;
				CLANG_WARN_STRICT_PROTOTYPES = YES;
				CLANG_WARN_SUSPICIOUS_MOVE = YES;
				CLANG_WARN_UNGUARDED_AVAILABILITY = YES_AGGRESSIVE;
				CLANG_WARN_UNREACHABLE_CODE = YES;
				CLANG_WARN__DUPLICATE_METHOD_MATCH = YES;
				CODE_SIGN_IDENTITY = "iPhone Developer";
				COPY_PHASE_STRIP = NO;
				DEBUG_INFORMATION_FORMAT = dwarf;
				ENABLE_STRICT_OBJC_MSGSEND = YES;
				ENABLE_TESTABILITY = YES;
				GCC_C_LANGUAGE_STANDARD = gnu11;
				GCC_DYNAMIC_NO_PIC = NO;
				GCC_NO_COMMON_BLOCKS = YES;
				GCC_OPTIMIZATION_LEVEL = 0;
				GCC_PREPROCESSOR_DEFINITIONS = (
					"DEBUG=1",
					"$(inherited)",
				);
				GCC_WARN_64_TO_32_BIT_CONVERSION = YES;
				GCC_WARN_ABOUT_RETURN_TYPE = YES_ERROR;
				GCC_WARN_UNDECLARED_SELECTOR = YES;
				GCC_WARN_UNINITIALIZED_AUTOS = YES_AGGRESSIVE;
				GCC_WARN_UNUSED_FUNCTION = YES;
				GCC_WARN_UNUSED_VARIABLE = YES;
				IPHONEOS_DEPLOYMENT_TARGET = 12.4;
				MTL_ENABLE_DEBUG_INFO = INCLUDE_SOURCE;
				MTL_FAST_MATH = YES;
				ONLY_ACTIVE_ARCH = YES;
				SDKROOT = iphoneos;
				SWIFT_ACTIVE_COMPILATION_CONDITIONS = DEBUG;
				SWIFT_OPTIMIZATION_LEVEL = "-Onone";
			};
			name = Debug;
		};
		793C053A23287129005CB294 /* Release */ = {
			isa = XCBuildConfiguration;
			buildSettings = {
				ALWAYS_SEARCH_USER_PATHS = NO;
				CLANG_ANALYZER_NONNULL = YES;
				CLANG_ANALYZER_NUMBER_OBJECT_CONVERSION = YES_AGGRESSIVE;
				CLANG_CXX_LANGUAGE_STANDARD = "gnu++14";
				CLANG_CXX_LIBRARY = "libc++";
				CLANG_ENABLE_MODULES = YES;
				CLANG_ENABLE_OBJC_ARC = YES;
				CLANG_ENABLE_OBJC_WEAK = YES;
				CLANG_WARN_BLOCK_CAPTURE_AUTORELEASING = YES;
				CLANG_WARN_BOOL_CONVERSION = YES;
				CLANG_WARN_COMMA = YES;
				CLANG_WARN_CONSTANT_CONVERSION = YES;
				CLANG_WARN_DEPRECATED_OBJC_IMPLEMENTATIONS = YES;
				CLANG_WARN_DIRECT_OBJC_ISA_USAGE = YES_ERROR;
				CLANG_WARN_DOCUMENTATION_COMMENTS = YES;
				CLANG_WARN_EMPTY_BODY = YES;
				CLANG_WARN_ENUM_CONVERSION = YES;
				CLANG_WARN_INFINITE_RECURSION = YES;
				CLANG_WARN_INT_CONVERSION = YES;
				CLANG_WARN_NON_LITERAL_NULL_CONVERSION = YES;
				CLANG_WARN_OBJC_IMPLICIT_RETAIN_SELF = YES;
				CLANG_WARN_OBJC_LITERAL_CONVERSION = YES;
				CLANG_WARN_OBJC_ROOT_CLASS = YES_ERROR;
				CLANG_WARN_RANGE_LOOP_ANALYSIS = YES;
				CLANG_WARN_STRICT_PROTOTYPES = YES;
				CLANG_WARN_SUSPICIOUS_MOVE = YES;
				CLANG_WARN_UNGUARDED_AVAILABILITY = YES_AGGRESSIVE;
				CLANG_WARN_UNREACHABLE_CODE = YES;
				CLANG_WARN__DUPLICATE_METHOD_MATCH = YES;
				CODE_SIGN_IDENTITY = "iPhone Developer";
				COPY_PHASE_STRIP = NO;
				DEBUG_INFORMATION_FORMAT = "dwarf-with-dsym";
				ENABLE_NS_ASSERTIONS = NO;
				ENABLE_STRICT_OBJC_MSGSEND = YES;
				GCC_C_LANGUAGE_STANDARD = gnu11;
				GCC_NO_COMMON_BLOCKS = YES;
				GCC_WARN_64_TO_32_BIT_CONVERSION = YES;
				GCC_WARN_ABOUT_RETURN_TYPE = YES_ERROR;
				GCC_WARN_UNDECLARED_SELECTOR = YES;
				GCC_WARN_UNINITIALIZED_AUTOS = YES_AGGRESSIVE;
				GCC_WARN_UNUSED_FUNCTION = YES;
				GCC_WARN_UNUSED_VARIABLE = YES;
				IPHONEOS_DEPLOYMENT_TARGET = 12.4;
				MTL_ENABLE_DEBUG_INFO = NO;
				MTL_FAST_MATH = YES;
				SDKROOT = iphoneos;
				SWIFT_COMPILATION_MODE = wholemodule;
				SWIFT_OPTIMIZATION_LEVEL = "-O";
				VALIDATE_PRODUCT = YES;
			};
			name = Release;
		};
		793C053C23287129005CB294 /* Debug */ = {
			isa = XCBuildConfiguration;
			baseConfigurationReference = 38512BBAB77FCDF71B3A622D /* Pods-Dework.debug.xcconfig */;
			buildSettings = {
				ASSETCATALOG_COMPILER_APPICON_NAME = AppIcon;
				CODE_SIGN_STYLE = Automatic;
				DEVELOPMENT_TEAM = F6FYGZ29HL;
				INFOPLIST_FILE = Dework/Info.plist;
				LD_RUNPATH_SEARCH_PATHS = (
					"$(inherited)",
					"@executable_path/Frameworks",
				);
				PRODUCT_BUNDLE_IDENTIFIER = com.academy.Dework;
				PRODUCT_NAME = "$(TARGET_NAME)";
				SWIFT_VERSION = 5.0;
				TARGETED_DEVICE_FAMILY = "1,2";
			};
			name = Debug;
		};
		793C053D23287129005CB294 /* Release */ = {
			isa = XCBuildConfiguration;
			baseConfigurationReference = B10A6042EC7B0A45218631B9 /* Pods-Dework.release.xcconfig */;
			buildSettings = {
				ASSETCATALOG_COMPILER_APPICON_NAME = AppIcon;
				CODE_SIGN_STYLE = Automatic;
				DEVELOPMENT_TEAM = F6FYGZ29HL;
				INFOPLIST_FILE = Dework/Info.plist;
				LD_RUNPATH_SEARCH_PATHS = (
					"$(inherited)",
					"@executable_path/Frameworks",
				);
				PRODUCT_BUNDLE_IDENTIFIER = com.academy.Dework;
				PRODUCT_NAME = "$(TARGET_NAME)";
				SWIFT_VERSION = 5.0;
				TARGETED_DEVICE_FAMILY = "1,2";
			};
			name = Release;
		};
		793C053F23287129005CB294 /* Debug */ = {
			isa = XCBuildConfiguration;
			baseConfigurationReference = 24F40669BAE0B57C627CAE83 /* Pods-DeworkTests.debug.xcconfig */;
			buildSettings = {
				ALWAYS_EMBED_SWIFT_STANDARD_LIBRARIES = YES;
				BUNDLE_LOADER = "$(TEST_HOST)";
				CODE_SIGN_STYLE = Automatic;
				DEVELOPMENT_TEAM = F6FYGZ29HL;
				INFOPLIST_FILE = DeworkTests/Info.plist;
				LD_RUNPATH_SEARCH_PATHS = (
					"$(inherited)",
					"@executable_path/Frameworks",
					"@loader_path/Frameworks",
				);
				PRODUCT_BUNDLE_IDENTIFIER = com.academy.DeworkTests;
				PRODUCT_NAME = "$(TARGET_NAME)";
				SWIFT_VERSION = 5.0;
				TARGETED_DEVICE_FAMILY = "1,2";
				TEST_HOST = "$(BUILT_PRODUCTS_DIR)/Dework.app/Dework";
			};
			name = Debug;
		};
		793C054023287129005CB294 /* Release */ = {
			isa = XCBuildConfiguration;
			baseConfigurationReference = F3549AF43CCBA6CB372E41AD /* Pods-DeworkTests.release.xcconfig */;
			buildSettings = {
				ALWAYS_EMBED_SWIFT_STANDARD_LIBRARIES = YES;
				BUNDLE_LOADER = "$(TEST_HOST)";
				CODE_SIGN_STYLE = Automatic;
				DEVELOPMENT_TEAM = F6FYGZ29HL;
				INFOPLIST_FILE = DeworkTests/Info.plist;
				LD_RUNPATH_SEARCH_PATHS = (
					"$(inherited)",
					"@executable_path/Frameworks",
					"@loader_path/Frameworks",
				);
				PRODUCT_BUNDLE_IDENTIFIER = com.academy.DeworkTests;
				PRODUCT_NAME = "$(TARGET_NAME)";
				SWIFT_VERSION = 5.0;
				TARGETED_DEVICE_FAMILY = "1,2";
				TEST_HOST = "$(BUILT_PRODUCTS_DIR)/Dework.app/Dework";
			};
			name = Release;
		};
/* End XCBuildConfiguration section */

/* Begin XCConfigurationList section */
		793C051923287127005CB294 /* Build configuration list for PBXProject "Dework" */ = {
			isa = XCConfigurationList;
			buildConfigurations = (
				793C053923287129005CB294 /* Debug */,
				793C053A23287129005CB294 /* Release */,
			);
			defaultConfigurationIsVisible = 0;
			defaultConfigurationName = Release;
		};
		793C053B23287129005CB294 /* Build configuration list for PBXNativeTarget "Dework" */ = {
			isa = XCConfigurationList;
			buildConfigurations = (
				793C053C23287129005CB294 /* Debug */,
				793C053D23287129005CB294 /* Release */,
			);
			defaultConfigurationIsVisible = 0;
			defaultConfigurationName = Release;
		};
		793C053E23287129005CB294 /* Build configuration list for PBXNativeTarget "DeworkTests" */ = {
			isa = XCConfigurationList;
			buildConfigurations = (
				793C053F23287129005CB294 /* Debug */,
				793C054023287129005CB294 /* Release */,
			);
			defaultConfigurationIsVisible = 0;
			defaultConfigurationName = Release;
		};
/* End XCConfigurationList section */
	};
	rootObject = 793C051623287127005CB294 /* Project object */;
}
